// !$*UTF8*$!
{
	archiveVersion = 1;
	classes = {
	};
	objectVersion = 51;
	objects = {

/* Begin PBXBuildFile section */
		8E9BDD53F489676DF17BF4AF /* Pods_PlinderTests.framework in Frameworks */ = {isa = PBXBuildFile; fileRef = A44493DF4CEEE400AF694BDD /* Pods_PlinderTests.framework */; };
		D40000A15955827BE73F5D26 /* Pods_Plinder.framework in Frameworks */ = {isa = PBXBuildFile; fileRef = 99F4C5A0C2B30605008FA827 /* Pods_Plinder.framework */; };
		F713F62F25ADD8E10083F3D9 /* TutorialViewController.swift in Sources */ = {isa = PBXBuildFile; fileRef = F713F62E25ADD8E10083F3D9 /* TutorialViewController.swift */; };
		F713F64025ADF2280083F3D9 /* PageCell.swift in Sources */ = {isa = PBXBuildFile; fileRef = F713F63F25ADF2280083F3D9 /* PageCell.swift */; };
		F713F66425AE336A0083F3D9 /* Page.swift in Sources */ = {isa = PBXBuildFile; fileRef = F713F66325AE336A0083F3D9 /* Page.swift */; };
		F724510B24C73A1400D16BE4 /* AppDelegate.swift in Sources */ = {isa = PBXBuildFile; fileRef = F724510A24C73A1400D16BE4 /* AppDelegate.swift */; };
		F724511424C73A1B00D16BE4 /* Assets.xcassets in Resources */ = {isa = PBXBuildFile; fileRef = F724511324C73A1B00D16BE4 /* Assets.xcassets */; };
		F724512224C73A1C00D16BE4 /* PlinderTests.swift in Sources */ = {isa = PBXBuildFile; fileRef = F724512124C73A1C00D16BE4 /* PlinderTests.swift */; };
		F724513B24C7674500D16BE4 /* GoogleService-Info.plist in Resources */ = {isa = PBXBuildFile; fileRef = F724513A24C7674500D16BE4 /* GoogleService-Info.plist */; };
		F727A34426531472002D61FA /* AnimatedProfile.json in Resources */ = {isa = PBXBuildFile; fileRef = F727A34326531472002D61FA /* AnimatedProfile.json */; };
		F7360A6E25AF3B720085BB9A /* SignupViewController.swift in Sources */ = {isa = PBXBuildFile; fileRef = F7360A6D25AF3B720085BB9A /* SignupViewController.swift */; };
		F78E423524CA037C00B13A71 /* ExtensionUtil.swift in Sources */ = {isa = PBXBuildFile; fileRef = F78E423424CA037C00B13A71 /* ExtensionUtil.swift */; };
		F796AD06265FF91D0095A63E /* ListMovies.swift in Sources */ = {isa = PBXBuildFile; fileRef = F796AD05265FF91D0095A63E /* ListMovies.swift */; };
		F796AD0A265FF9D90095A63E /* ServiceListMovies.swift in Sources */ = {isa = PBXBuildFile; fileRef = F796AD09265FF9D90095A63E /* ServiceListMovies.swift */; };
		F7AC9BD4262B0E9A0012B2CF /* HomeViewController.swift in Sources */ = {isa = PBXBuildFile; fileRef = F7AC9BD3262B0E9A0012B2CF /* HomeViewController.swift */; };
		F7C035652652CA4800CD0459 /* LoginViewController.swift in Sources */ = {isa = PBXBuildFile; fileRef = F7C035642652CA4800CD0459 /* LoginViewController.swift */; };
		F7C30ADC262F615A00E4D5FE /* HomeTableCell.swift in Sources */ = {isa = PBXBuildFile; fileRef = F7C30ADB262F615A00E4D5FE /* HomeTableCell.swift */; };
		F7C30B1D262F6CFE00E4D5FE /* HomeCollectionCell.swift in Sources */ = {isa = PBXBuildFile; fileRef = F7C30B1C262F6CFE00E4D5FE /* HomeCollectionCell.swift */; };
/* End PBXBuildFile section */

/* Begin PBXContainerItemProxy section */
		F724511E24C73A1C00D16BE4 /* PBXContainerItemProxy */ = {
			isa = PBXContainerItemProxy;
			containerPortal = F72450FF24C73A1400D16BE4 /* Project object */;
			proxyType = 1;
			remoteGlobalIDString = F724510624C73A1400D16BE4;
			remoteInfo = Plinder;
		};
/* End PBXContainerItemProxy section */

/* Begin PBXFileReference section */
		98424AFA1BDDE6AB1F2E0C5D /* Pods-PlinderTests.release.xcconfig */ = {isa = PBXFileReference; includeInIndex = 1; lastKnownFileType = text.xcconfig; name = "Pods-PlinderTests.release.xcconfig"; path = "Target Support Files/Pods-PlinderTests/Pods-PlinderTests.release.xcconfig"; sourceTree = "<group>"; };
		98F325F17F39E737F4292ABF /* Pods-Plinder.release.xcconfig */ = {isa = PBXFileReference; includeInIndex = 1; lastKnownFileType = text.xcconfig; name = "Pods-Plinder.release.xcconfig"; path = "Target Support Files/Pods-Plinder/Pods-Plinder.release.xcconfig"; sourceTree = "<group>"; };
		99F4C5A0C2B30605008FA827 /* Pods_Plinder.framework */ = {isa = PBXFileReference; explicitFileType = wrapper.framework; includeInIndex = 0; path = Pods_Plinder.framework; sourceTree = BUILT_PRODUCTS_DIR; };
		A44493DF4CEEE400AF694BDD /* Pods_PlinderTests.framework */ = {isa = PBXFileReference; explicitFileType = wrapper.framework; includeInIndex = 0; path = Pods_PlinderTests.framework; sourceTree = BUILT_PRODUCTS_DIR; };
		E76994C64CA02EF13C896543 /* Pods-PlinderTests.debug.xcconfig */ = {isa = PBXFileReference; includeInIndex = 1; lastKnownFileType = text.xcconfig; name = "Pods-PlinderTests.debug.xcconfig"; path = "Target Support Files/Pods-PlinderTests/Pods-PlinderTests.debug.xcconfig"; sourceTree = "<group>"; };
		F713F62E25ADD8E10083F3D9 /* TutorialViewController.swift */ = {isa = PBXFileReference; lastKnownFileType = sourcecode.swift; name = TutorialViewController.swift; path = "../New Group/TutorialViewController.swift"; sourceTree = "<group>"; };
		F713F63F25ADF2280083F3D9 /* PageCell.swift */ = {isa = PBXFileReference; lastKnownFileType = sourcecode.swift; path = PageCell.swift; sourceTree = "<group>"; };
		F713F66325AE336A0083F3D9 /* Page.swift */ = {isa = PBXFileReference; lastKnownFileType = sourcecode.swift; path = Page.swift; sourceTree = "<group>"; };
		F724510724C73A1400D16BE4 /* Plinder.app */ = {isa = PBXFileReference; explicitFileType = wrapper.application; includeInIndex = 0; path = Plinder.app; sourceTree = BUILT_PRODUCTS_DIR; };
		F724510A24C73A1400D16BE4 /* AppDelegate.swift */ = {isa = PBXFileReference; lastKnownFileType = sourcecode.swift; path = AppDelegate.swift; sourceTree = "<group>"; };
		F724511324C73A1B00D16BE4 /* Assets.xcassets */ = {isa = PBXFileReference; lastKnownFileType = folder.assetcatalog; path = Assets.xcassets; sourceTree = "<group>"; };
		F724511824C73A1B00D16BE4 /* Info.plist */ = {isa = PBXFileReference; lastKnownFileType = text.plist.xml; path = Info.plist; sourceTree = "<group>"; };
		F724511D24C73A1C00D16BE4 /* PlinderTests.xctest */ = {isa = PBXFileReference; explicitFileType = wrapper.cfbundle; includeInIndex = 0; path = PlinderTests.xctest; sourceTree = BUILT_PRODUCTS_DIR; };
		F724512124C73A1C00D16BE4 /* PlinderTests.swift */ = {isa = PBXFileReference; lastKnownFileType = sourcecode.swift; path = PlinderTests.swift; sourceTree = "<group>"; };
		F724512324C73A1C00D16BE4 /* Info.plist */ = {isa = PBXFileReference; lastKnownFileType = text.plist.xml; path = Info.plist; sourceTree = "<group>"; };
		F724512E24C73F3200D16BE4 /* Plinder.entitlements */ = {isa = PBXFileReference; lastKnownFileType = text.plist.entitlements; path = Plinder.entitlements; sourceTree = "<group>"; };
		F724513A24C7674500D16BE4 /* GoogleService-Info.plist */ = {isa = PBXFileReference; fileEncoding = 4; lastKnownFileType = text.plist.xml; path = "GoogleService-Info.plist"; sourceTree = "<group>"; };
		F727A34326531472002D61FA /* AnimatedProfile.json */ = {isa = PBXFileReference; fileEncoding = 4; lastKnownFileType = text.json; path = AnimatedProfile.json; sourceTree = "<group>"; };
		F7360A6D25AF3B720085BB9A /* SignupViewController.swift */ = {isa = PBXFileReference; lastKnownFileType = sourcecode.swift; path = SignupViewController.swift; sourceTree = "<group>"; };
		F78E423424CA037C00B13A71 /* ExtensionUtil.swift */ = {isa = PBXFileReference; lastKnownFileType = sourcecode.swift; path = ExtensionUtil.swift; sourceTree = "<group>"; };
		F796AD05265FF91D0095A63E /* ListMovies.swift */ = {isa = PBXFileReference; lastKnownFileType = sourcecode.swift; path = ListMovies.swift; sourceTree = "<group>"; };
		F796AD09265FF9D90095A63E /* ServiceListMovies.swift */ = {isa = PBXFileReference; lastKnownFileType = sourcecode.swift; path = ServiceListMovies.swift; sourceTree = "<group>"; };
		F7AC9BD3262B0E9A0012B2CF /* HomeViewController.swift */ = {isa = PBXFileReference; lastKnownFileType = sourcecode.swift; path = HomeViewController.swift; sourceTree = "<group>"; };
		F7C035642652CA4800CD0459 /* LoginViewController.swift */ = {isa = PBXFileReference; lastKnownFileType = sourcecode.swift; path = LoginViewController.swift; sourceTree = "<group>"; };
		F7C30ADB262F615A00E4D5FE /* HomeTableCell.swift */ = {isa = PBXFileReference; lastKnownFileType = sourcecode.swift; path = HomeTableCell.swift; sourceTree = "<group>"; };
		F7C30B1C262F6CFE00E4D5FE /* HomeCollectionCell.swift */ = {isa = PBXFileReference; lastKnownFileType = sourcecode.swift; path = HomeCollectionCell.swift; sourceTree = "<group>"; };
		FFFB92C91D989752AF6531C3 /* Pods-Plinder.debug.xcconfig */ = {isa = PBXFileReference; includeInIndex = 1; lastKnownFileType = text.xcconfig; name = "Pods-Plinder.debug.xcconfig"; path = "Target Support Files/Pods-Plinder/Pods-Plinder.debug.xcconfig"; sourceTree = "<group>"; };
/* End PBXFileReference section */

/* Begin PBXFrameworksBuildPhase section */
		F724510424C73A1400D16BE4 /* Frameworks */ = {
			isa = PBXFrameworksBuildPhase;
			buildActionMask = 2147483647;
			files = (
				D40000A15955827BE73F5D26 /* Pods_Plinder.framework in Frameworks */,
			);
			runOnlyForDeploymentPostprocessing = 0;
		};
		F724511A24C73A1C00D16BE4 /* Frameworks */ = {
			isa = PBXFrameworksBuildPhase;
			buildActionMask = 2147483647;
			files = (
				8E9BDD53F489676DF17BF4AF /* Pods_PlinderTests.framework in Frameworks */,
			);
			runOnlyForDeploymentPostprocessing = 0;
		};
/* End PBXFrameworksBuildPhase section */

/* Begin PBXGroup section */
		7EC7502763B34F12CFC0CD42 /* Frameworks */ = {
			isa = PBXGroup;
			children = (
				99F4C5A0C2B30605008FA827 /* Pods_Plinder.framework */,
				A44493DF4CEEE400AF694BDD /* Pods_PlinderTests.framework */,
			);
			name = Frameworks;
			sourceTree = "<group>";
		};
		DDB5001E7C4946B9B4A6B9BB /* Pods */ = {
			isa = PBXGroup;
			children = (
				FFFB92C91D989752AF6531C3 /* Pods-Plinder.debug.xcconfig */,
				98F325F17F39E737F4292ABF /* Pods-Plinder.release.xcconfig */,
				E76994C64CA02EF13C896543 /* Pods-PlinderTests.debug.xcconfig */,
				98424AFA1BDDE6AB1F2E0C5D /* Pods-PlinderTests.release.xcconfig */,
			);
			path = Pods;
			sourceTree = "<group>";
		};
		F713F62B25ADD82B0083F3D9 /* ViewControllersOriginal */ = {
			isa = PBXGroup;
			children = (
				F7AC9BD2262B0E610012B2CF /* Home */,
				F7360A6B25AF3B020085BB9A /* User */,
				F713F63625ADF1860083F3D9 /* Tutorial */,
			);
			path = ViewControllersOriginal;
			sourceTree = "<group>";
		};
		F713F63625ADF1860083F3D9 /* Tutorial */ = {
			isa = PBXGroup;
			children = (
				F713F62E25ADD8E10083F3D9 /* TutorialViewController.swift */,
				F713F63F25ADF2280083F3D9 /* PageCell.swift */,
				F713F66325AE336A0083F3D9 /* Page.swift */,
			);
			path = Tutorial;
			sourceTree = "<group>";
		};
		F72450FE24C73A1400D16BE4 = {
			isa = PBXGroup;
			children = (
				F724510924C73A1400D16BE4 /* Plinder */,
				F724512024C73A1C00D16BE4 /* PlinderTests */,
				F724510824C73A1400D16BE4 /* Products */,
				DDB5001E7C4946B9B4A6B9BB /* Pods */,
				7EC7502763B34F12CFC0CD42 /* Frameworks */,
			);
			sourceTree = "<group>";
		};
		F724510824C73A1400D16BE4 /* Products */ = {
			isa = PBXGroup;
			children = (
				F724510724C73A1400D16BE4 /* Plinder.app */,
				F724511D24C73A1C00D16BE4 /* PlinderTests.xctest */,
			);
			name = Products;
			sourceTree = "<group>";
		};
		F724510924C73A1400D16BE4 /* Plinder */ = {
			isa = PBXGroup;
			children = (
				F724512E24C73F3200D16BE4 /* Plinder.entitlements */,
				F724513A24C7674500D16BE4 /* GoogleService-Info.plist */,
				F724510A24C73A1400D16BE4 /* AppDelegate.swift */,
				F713F62B25ADD82B0083F3D9 /* ViewControllersOriginal */,
				F724512F24C7436000D16BE4 /* Supporting File */,
				F7C0356C265313E200CD0459 /* Assets */,
			);
			path = Plinder;
			sourceTree = "<group>";
		};
		F724512024C73A1C00D16BE4 /* PlinderTests */ = {
			isa = PBXGroup;
			children = (
				F724512124C73A1C00D16BE4 /* PlinderTests.swift */,
				F724512324C73A1C00D16BE4 /* Info.plist */,
			);
			path = PlinderTests;
			sourceTree = "<group>";
		};
		F724512F24C7436000D16BE4 /* Supporting File */ = {
			isa = PBXGroup;
			children = (
				F724511824C73A1B00D16BE4 /* Info.plist */,
			);
			path = "Supporting File";
			sourceTree = "<group>";
		};
		F7360A6B25AF3B020085BB9A /* User */ = {
			isa = PBXGroup;
			children = (
				F7C035622652CA0C00CD0459 /* Singup */,
				F7C035632652CA2800CD0459 /* Login */,
			);
			path = User;
			sourceTree = "<group>";
		};
		F796AD0D265FFA8D0095A63E /* ServiceHome */ = {
			isa = PBXGroup;
			children = (
				F796AD05265FF91D0095A63E /* ListMovies.swift */,
				F796AD09265FF9D90095A63E /* ServiceListMovies.swift */,
			);
			name = ServiceHome;
			sourceTree = "<group>";
		};
		F7AC9BD2262B0E610012B2CF /* Home */ = {
			isa = PBXGroup;
			children = (
				F7AC9BD3262B0E9A0012B2CF /* HomeViewController.swift */,
				F7C30ADB262F615A00E4D5FE /* HomeTableCell.swift */,
				F7C30B1C262F6CFE00E4D5FE /* HomeCollectionCell.swift */,
				F796AD0D265FFA8D0095A63E /* ServiceHome */,
			);
			name = Home;
			sourceTree = "<group>";
		};
		F7C035622652CA0C00CD0459 /* Singup */ = {
			isa = PBXGroup;
			children = (
				F7360A6D25AF3B720085BB9A /* SignupViewController.swift */,
				F78E423424CA037C00B13A71 /* ExtensionUtil.swift */,
			);
			path = Singup;
			sourceTree = "<group>";
		};
		F7C035632652CA2800CD0459 /* Login */ = {
			isa = PBXGroup;
			children = (
				F7C035642652CA4800CD0459 /* LoginViewController.swift */,
			);
			path = Login;
			sourceTree = "<group>";
		};
		F7C0356C265313E200CD0459 /* Assets */ = {
			isa = PBXGroup;
			children = (
				F727A34326531472002D61FA /* AnimatedProfile.json */,
				F724511324C73A1B00D16BE4 /* Assets.xcassets */,
			);
			path = Assets;
			sourceTree = "<group>";
		};
/* End PBXGroup section */

/* Begin PBXNativeTarget section */
		F724510624C73A1400D16BE4 /* Plinder */ = {
			isa = PBXNativeTarget;
			buildConfigurationList = F724512624C73A1C00D16BE4 /* Build configuration list for PBXNativeTarget "Plinder" */;
			buildPhases = (
				20CF1ADA696528692F180892 /* [CP] Check Pods Manifest.lock */,
				F724510324C73A1400D16BE4 /* Sources */,
				F724510424C73A1400D16BE4 /* Frameworks */,
				F724510524C73A1400D16BE4 /* Resources */,
				65C331530025FB6BD2319AE0 /* [CP] Embed Pods Frameworks */,
				66EF26554F74B35CA6D711AF /* [CP] Copy Pods Resources */,
			);
			buildRules = (
			);
			dependencies = (
			);
			name = Plinder;
			productName = Plinder;
			productReference = F724510724C73A1400D16BE4 /* Plinder.app */;
			productType = "com.apple.product-type.application";
		};
		F724511C24C73A1C00D16BE4 /* PlinderTests */ = {
			isa = PBXNativeTarget;
			buildConfigurationList = F724512924C73A1C00D16BE4 /* Build configuration list for PBXNativeTarget "PlinderTests" */;
			buildPhases = (
				F1E728D2271E2F6E4D29BC8C /* [CP] Check Pods Manifest.lock */,
				F724511924C73A1C00D16BE4 /* Sources */,
				F724511A24C73A1C00D16BE4 /* Frameworks */,
				F724511B24C73A1C00D16BE4 /* Resources */,
			);
			buildRules = (
			);
			dependencies = (
				F724511F24C73A1C00D16BE4 /* PBXTargetDependency */,
			);
			name = PlinderTests;
			productName = PlinderTests;
			productReference = F724511D24C73A1C00D16BE4 /* PlinderTests.xctest */;
			productType = "com.apple.product-type.bundle.unit-test";
		};
/* End PBXNativeTarget section */

/* Begin PBXProject section */
		F72450FF24C73A1400D16BE4 /* Project object */ = {
			isa = PBXProject;
			attributes = {
				LastSwiftUpdateCheck = 1130;
				LastUpgradeCheck = 1130;
				ORGANIZATIONNAME = "Patricio Perez";
				TargetAttributes = {
					F724510624C73A1400D16BE4 = {
						CreatedOnToolsVersion = 11.3.1;
					};
					F724511C24C73A1C00D16BE4 = {
						CreatedOnToolsVersion = 11.3.1;
						TestTargetID = F724510624C73A1400D16BE4;
					};
				};
			};
			buildConfigurationList = F724510224C73A1400D16BE4 /* Build configuration list for PBXProject "Plinder" */;
			compatibilityVersion = "Xcode 9.3";
			developmentRegion = en;
			hasScannedForEncodings = 0;
			knownRegions = (
				en,
				Base,
			);
			mainGroup = F72450FE24C73A1400D16BE4;
			productRefGroup = F724510824C73A1400D16BE4 /* Products */;
			projectDirPath = "";
			projectRoot = "";
			targets = (
				F724510624C73A1400D16BE4 /* Plinder */,
				F724511C24C73A1C00D16BE4 /* PlinderTests */,
			);
		};
/* End PBXProject section */

/* Begin PBXResourcesBuildPhase section */
		F724510524C73A1400D16BE4 /* Resources */ = {
			isa = PBXResourcesBuildPhase;
			buildActionMask = 2147483647;
			files = (
				F724513B24C7674500D16BE4 /* GoogleService-Info.plist in Resources */,
				F727A34426531472002D61FA /* AnimatedProfile.json in Resources */,
				F724511424C73A1B00D16BE4 /* Assets.xcassets in Resources */,
			);
			runOnlyForDeploymentPostprocessing = 0;
		};
		F724511B24C73A1C00D16BE4 /* Resources */ = {
			isa = PBXResourcesBuildPhase;
			buildActionMask = 2147483647;
			files = (
			);
			runOnlyForDeploymentPostprocessing = 0;
		};
/* End PBXResourcesBuildPhase section */

/* Begin PBXShellScriptBuildPhase section */
		20CF1ADA696528692F180892 /* [CP] Check Pods Manifest.lock */ = {
			isa = PBXShellScriptBuildPhase;
			buildActionMask = 2147483647;
			files = (
			);
			inputFileListPaths = (
			);
			inputPaths = (
				"${PODS_PODFILE_DIR_PATH}/Podfile.lock",
				"${PODS_ROOT}/Manifest.lock",
			);
			name = "[CP] Check Pods Manifest.lock";
			outputFileListPaths = (
			);
			outputPaths = (
				"$(DERIVED_FILE_DIR)/Pods-Plinder-checkManifestLockResult.txt",
			);
			runOnlyForDeploymentPostprocessing = 0;
			shellPath = /bin/sh;
			shellScript = "diff \"${PODS_PODFILE_DIR_PATH}/Podfile.lock\" \"${PODS_ROOT}/Manifest.lock\" > /dev/null\nif [ $? != 0 ] ; then\n    # print error to STDERR\n    echo \"error: The sandbox is not in sync with the Podfile.lock. Run 'pod install' or update your CocoaPods installation.\" >&2\n    exit 1\nfi\n# This output is used by Xcode 'outputs' to avoid re-running this script phase.\necho \"SUCCESS\" > \"${SCRIPT_OUTPUT_FILE_0}\"\n";
			showEnvVarsInLog = 0;
		};
		65C331530025FB6BD2319AE0 /* [CP] Embed Pods Frameworks */ = {
			isa = PBXShellScriptBuildPhase;
			buildActionMask = 2147483647;
			files = (
			);
			inputFileListPaths = (
				"${PODS_ROOT}/Target Support Files/Pods-Plinder/Pods-Plinder-frameworks-${CONFIGURATION}-input-files.xcfilelist",
			);
			name = "[CP] Embed Pods Frameworks";
			outputFileListPaths = (
				"${PODS_ROOT}/Target Support Files/Pods-Plinder/Pods-Plinder-frameworks-${CONFIGURATION}-output-files.xcfilelist",
			);
			runOnlyForDeploymentPostprocessing = 0;
			shellPath = /bin/sh;
			shellScript = "\"${PODS_ROOT}/Target Support Files/Pods-Plinder/Pods-Plinder-frameworks.sh\"\n";
			showEnvVarsInLog = 0;
		};
		66EF26554F74B35CA6D711AF /* [CP] Copy Pods Resources */ = {
			isa = PBXShellScriptBuildPhase;
			buildActionMask = 2147483647;
			files = (
			);
			inputFileListPaths = (
				"${PODS_ROOT}/Target Support Files/Pods-Plinder/Pods-Plinder-resources-${CONFIGURATION}-input-files.xcfilelist",
			);
			name = "[CP] Copy Pods Resources";
			outputFileListPaths = (
				"${PODS_ROOT}/Target Support Files/Pods-Plinder/Pods-Plinder-resources-${CONFIGURATION}-output-files.xcfilelist",
			);
			runOnlyForDeploymentPostprocessing = 0;
			shellPath = /bin/sh;
			shellScript = "\"${PODS_ROOT}/Target Support Files/Pods-Plinder/Pods-Plinder-resources.sh\"\n";
			showEnvVarsInLog = 0;
		};
		F1E728D2271E2F6E4D29BC8C /* [CP] Check Pods Manifest.lock */ = {
			isa = PBXShellScriptBuildPhase;
			buildActionMask = 2147483647;
			files = (
			);
			inputFileListPaths = (
			);
			inputPaths = (
				"${PODS_PODFILE_DIR_PATH}/Podfile.lock",
				"${PODS_ROOT}/Manifest.lock",
			);
			name = "[CP] Check Pods Manifest.lock";
			outputFileListPaths = (
			);
			outputPaths = (
				"$(DERIVED_FILE_DIR)/Pods-PlinderTests-checkManifestLockResult.txt",
			);
			runOnlyForDeploymentPostprocessing = 0;
			shellPath = /bin/sh;
			shellScript = "diff \"${PODS_PODFILE_DIR_PATH}/Podfile.lock\" \"${PODS_ROOT}/Manifest.lock\" > /dev/null\nif [ $? != 0 ] ; then\n    # print error to STDERR\n    echo \"error: The sandbox is not in sync with the Podfile.lock. Run 'pod install' or update your CocoaPods installation.\" >&2\n    exit 1\nfi\n# This output is used by Xcode 'outputs' to avoid re-running this script phase.\necho \"SUCCESS\" > \"${SCRIPT_OUTPUT_FILE_0}\"\n";
			showEnvVarsInLog = 0;
		};
/* End PBXShellScriptBuildPhase section */

/* Begin PBXSourcesBuildPhase section */
		F724510324C73A1400D16BE4 /* Sources */ = {
			isa = PBXSourcesBuildPhase;
			buildActionMask = 2147483647;
			files = (
				F713F66425AE336A0083F3D9 /* Page.swift in Sources */,
				F7C30B1D262F6CFE00E4D5FE /* HomeCollectionCell.swift in Sources */,
				F796AD0A265FF9D90095A63E /* ServiceListMovies.swift in Sources */,
				F713F64025ADF2280083F3D9 /* PageCell.swift in Sources */,
				F7C30ADC262F615A00E4D5FE /* HomeTableCell.swift in Sources */,
				F78E423524CA037C00B13A71 /* ExtensionUtil.swift in Sources */,
				F713F62F25ADD8E10083F3D9 /* TutorialViewController.swift in Sources */,
				F7360A6E25AF3B720085BB9A /* SignupViewController.swift in Sources */,
				F7AC9BD4262B0E9A0012B2CF /* HomeViewController.swift in Sources */,
				F724510B24C73A1400D16BE4 /* AppDelegate.swift in Sources */,
				F7C035652652CA4800CD0459 /* LoginViewController.swift in Sources */,
				F796AD06265FF91D0095A63E /* ListMovies.swift in Sources */,
			);
			runOnlyForDeploymentPostprocessing = 0;
		};
		F724511924C73A1C00D16BE4 /* Sources */ = {
			isa = PBXSourcesBuildPhase;
			buildActionMask = 2147483647;
			files = (
				F724512224C73A1C00D16BE4 /* PlinderTests.swift in Sources */,
			);
			runOnlyForDeploymentPostprocessing = 0;
		};
/* End PBXSourcesBuildPhase section */

/* Begin PBXTargetDependency section */
		F724511F24C73A1C00D16BE4 /* PBXTargetDependency */ = {
			isa = PBXTargetDependency;
			target = F724510624C73A1400D16BE4 /* Plinder */;
			targetProxy = F724511E24C73A1C00D16BE4 /* PBXContainerItemProxy */;
		};
/* End PBXTargetDependency section */

/* Begin XCBuildConfiguration section */
		F724512424C73A1C00D16BE4 /* Debug */ = {
			isa = XCBuildConfiguration;
			buildSettings = {
				ALWAYS_SEARCH_USER_PATHS = NO;
				CLANG_ANALYZER_NONNULL = YES;
				CLANG_ANALYZER_NUMBER_OBJECT_CONVERSION = YES_AGGRESSIVE;
				CLANG_CXX_LANGUAGE_STANDARD = "gnu++14";
				CLANG_CXX_LIBRARY = "libc++";
				CLANG_ENABLE_MODULES = YES;
				CLANG_ENABLE_OBJC_ARC = YES;
				CLANG_ENABLE_OBJC_WEAK = YES;
				CLANG_WARN_BLOCK_CAPTURE_AUTORELEASING = YES;
				CLANG_WARN_BOOL_CONVERSION = YES;
				CLANG_WARN_COMMA = YES;
				CLANG_WARN_CONSTANT_CONVERSION = YES;
				CLANG_WARN_DEPRECATED_OBJC_IMPLEMENTATIONS = YES;
				CLANG_WARN_DIRECT_OBJC_ISA_USAGE = YES_ERROR;
				CLANG_WARN_DOCUMENTATION_COMMENTS = YES;
				CLANG_WARN_EMPTY_BODY = YES;
				CLANG_WARN_ENUM_CONVERSION = YES;
				CLANG_WARN_INFINITE_RECURSION = YES;
				CLANG_WARN_INT_CONVERSION = YES;
				CLANG_WARN_NON_LITERAL_NULL_CONVERSION = YES;
				CLANG_WARN_OBJC_IMPLICIT_RETAIN_SELF = YES;
				CLANG_WARN_OBJC_LITERAL_CONVERSION = YES;
				CLANG_WARN_OBJC_ROOT_CLASS = YES_ERROR;
				CLANG_WARN_RANGE_LOOP_ANALYSIS = YES;
				CLANG_WARN_STRICT_PROTOTYPES = YES;
				CLANG_WARN_SUSPICIOUS_MOVE = YES;
				CLANG_WARN_UNGUARDED_AVAILABILITY = YES_AGGRESSIVE;
				CLANG_WARN_UNREACHABLE_CODE = YES;
				CLANG_WARN__DUPLICATE_METHOD_MATCH = YES;
				COPY_PHASE_STRIP = NO;
				DEBUG_INFORMATION_FORMAT = dwarf;
				ENABLE_STRICT_OBJC_MSGSEND = YES;
				ENABLE_TESTABILITY = YES;
				GCC_C_LANGUAGE_STANDARD = gnu11;
				GCC_DYNAMIC_NO_PIC = NO;
				GCC_NO_COMMON_BLOCKS = YES;
				GCC_OPTIMIZATION_LEVEL = 0;
				GCC_PREPROCESSOR_DEFINITIONS = (
					"DEBUG=1",
					"$(inherited)",
				);
				GCC_WARN_64_TO_32_BIT_CONVERSION = YES;
				GCC_WARN_ABOUT_RETURN_TYPE = YES_ERROR;
				GCC_WARN_UNDECLARED_SELECTOR = YES;
				GCC_WARN_UNINITIALIZED_AUTOS = YES_AGGRESSIVE;
				GCC_WARN_UNUSED_FUNCTION = YES;
				GCC_WARN_UNUSED_VARIABLE = YES;
				IPHONEOS_DEPLOYMENT_TARGET = 10.0;
				MTL_ENABLE_DEBUG_INFO = INCLUDE_SOURCE;
				MTL_FAST_MATH = YES;
				ONLY_ACTIVE_ARCH = YES;
				SDKROOT = iphoneos;
				SWIFT_ACTIVE_COMPILATION_CONDITIONS = DEBUG;
				SWIFT_OPTIMIZATION_LEVEL = "-Onone";
			};
			name = Debug;
		};
		F724512524C73A1C00D16BE4 /* Release */ = {
			isa = XCBuildConfiguration;
			buildSettings = {
				ALWAYS_SEARCH_USER_PATHS = NO;
				CLANG_ANALYZER_NONNULL = YES;
				CLANG_ANALYZER_NUMBER_OBJECT_CONVERSION = YES_AGGRESSIVE;
				CLANG_CXX_LANGUAGE_STANDARD = "gnu++14";
				CLANG_CXX_LIBRARY = "libc++";
				CLANG_ENABLE_MODULES = YES;
				CLANG_ENABLE_OBJC_ARC = YES;
				CLANG_ENABLE_OBJC_WEAK = YES;
				CLANG_WARN_BLOCK_CAPTURE_AUTORELEASING = YES;
				CLANG_WARN_BOOL_CONVERSION = YES;
				CLANG_WARN_COMMA = YES;
				CLANG_WARN_CONSTANT_CONVERSION = YES;
				CLANG_WARN_DEPRECATED_OBJC_IMPLEMENTATIONS = YES;
				CLANG_WARN_DIRECT_OBJC_ISA_USAGE = YES_ERROR;
				CLANG_WARN_DOCUMENTATION_COMMENTS = YES;
				CLANG_WARN_EMPTY_BODY = YES;
				CLANG_WARN_ENUM_CONVERSION = YES;
				CLANG_WARN_INFINITE_RECURSION = YES;
				CLANG_WARN_INT_CONVERSION = YES;
				CLANG_WARN_NON_LITERAL_NULL_CONVERSION = YES;
				CLANG_WARN_OBJC_IMPLICIT_RETAIN_SELF = YES;
				CLANG_WARN_OBJC_LITERAL_CONVERSION = YES;
				CLANG_WARN_OBJC_ROOT_CLASS = YES_ERROR;
				CLANG_WARN_RANGE_LOOP_ANALYSIS = YES;
				CLANG_WARN_STRICT_PROTOTYPES = YES;
				CLANG_WARN_SUSPICIOUS_MOVE = YES;
				CLANG_WARN_UNGUARDED_AVAILABILITY = YES_AGGRESSIVE;
				CLANG_WARN_UNREACHABLE_CODE = YES;
				CLANG_WARN__DUPLICATE_METHOD_MATCH = YES;
				COPY_PHASE_STRIP = NO;
				DEBUG_INFORMATION_FORMAT = "dwarf-with-dsym";
				ENABLE_NS_ASSERTIONS = NO;
				ENABLE_STRICT_OBJC_MSGSEND = YES;
				GCC_C_LANGUAGE_STANDARD = gnu11;
				GCC_NO_COMMON_BLOCKS = YES;
				GCC_WARN_64_TO_32_BIT_CONVERSION = YES;
				GCC_WARN_ABOUT_RETURN_TYPE = YES_ERROR;
				GCC_WARN_UNDECLARED_SELECTOR = YES;
				GCC_WARN_UNINITIALIZED_AUTOS = YES_AGGRESSIVE;
				GCC_WARN_UNUSED_FUNCTION = YES;
				GCC_WARN_UNUSED_VARIABLE = YES;
				IPHONEOS_DEPLOYMENT_TARGET = 10.0;
				MTL_ENABLE_DEBUG_INFO = NO;
				MTL_FAST_MATH = YES;
				SDKROOT = iphoneos;
				SWIFT_COMPILATION_MODE = wholemodule;
				SWIFT_OPTIMIZATION_LEVEL = "-O";
				VALIDATE_PRODUCT = YES;
			};
			name = Release;
		};
		F724512724C73A1C00D16BE4 /* Debug */ = {
			isa = XCBuildConfiguration;
			baseConfigurationReference = FFFB92C91D989752AF6531C3 /* Pods-Plinder.debug.xcconfig */;
			buildSettings = {
				ASSETCATALOG_COMPILER_APPICON_NAME = AppIcon;
				CODE_SIGN_ENTITLEMENTS = Plinder/Plinder.entitlements;
				CODE_SIGN_STYLE = Automatic;
				INFOPLIST_FILE = "Plinder/Supporting File/Info.plist";
				IPHONEOS_DEPLOYMENT_TARGET = 13.0;
				LD_RUNPATH_SEARCH_PATHS = (
					"$(inherited)",
					"@executable_path/Frameworks",
				);
				PRODUCT_BUNDLE_IDENTIFIER = com.PatricioPerez.Plinder;
				PRODUCT_NAME = "$(TARGET_NAME)";
				SWIFT_VERSION = 5.0;
				TARGETED_DEVICE_FAMILY = "1,2";
			};
			name = Debug;
		};
		F724512824C73A1C00D16BE4 /* Release */ = {
			isa = XCBuildConfiguration;
			baseConfigurationReference = 98F325F17F39E737F4292ABF /* Pods-Plinder.release.xcconfig */;
			buildSettings = {
				ASSETCATALOG_COMPILER_APPICON_NAME = AppIcon;
				CODE_SIGN_ENTITLEMENTS = Plinder/Plinder.entitlements;
				CODE_SIGN_STYLE = Automatic;
				INFOPLIST_FILE = "Plinder/Supporting File/Info.plist";
				IPHONEOS_DEPLOYMENT_TARGET = 13.0;
				LD_RUNPATH_SEARCH_PATHS = (
					"$(inherited)",
					"@executable_path/Frameworks",
				);
				PRODUCT_BUNDLE_IDENTIFIER = com.PatricioPerez.Plinder;
				PRODUCT_NAME = "$(TARGET_NAME)";
				SWIFT_VERSION = 5.0;
				TARGETED_DEVICE_FAMILY = "1,2";
			};
			name = Release;
		};
		F724512A24C73A1C00D16BE4 /* Debug */ = {
			isa = XCBuildConfiguration;
			baseConfigurationReference = E76994C64CA02EF13C896543 /* Pods-PlinderTests.debug.xcconfig */;
			buildSettings = {
				ALWAYS_EMBED_SWIFT_STANDARD_LIBRARIES = YES;
				BUNDLE_LOADER = "$(TEST_HOST)";
				CODE_SIGN_STYLE = Automatic;
				INFOPLIST_FILE = PlinderTests/Info.plist;
				IPHONEOS_DEPLOYMENT_TARGET = 13.2;
				LD_RUNPATH_SEARCH_PATHS = (
					"$(inherited)",
					"@executable_path/Frameworks",
					"@loader_path/Frameworks",
				);
				PRODUCT_BUNDLE_IDENTIFIER = com.PatricioPerez.PlinderTests;
				PRODUCT_NAME = "$(TARGET_NAME)";
				SWIFT_VERSION = 5.0;
				TARGETED_DEVICE_FAMILY = "1,2";
				TEST_HOST = "$(BUILT_PRODUCTS_DIR)/Plinder.app/Plinder";
			};
			name = Debug;
		};
		F724512B24C73A1C00D16BE4 /* Release */ = {
			isa = XCBuildConfiguration;
			baseConfigurationReference = 98424AFA1BDDE6AB1F2E0C5D /* Pods-PlinderTests.release.xcconfig */;
			buildSettings = {
				ALWAYS_EMBED_SWIFT_STANDARD_LIBRARIES = YES;
				BUNDLE_LOADER = "$(TEST_HOST)";
				CODE_SIGN_STYLE = Automatic;
				INFOPLIST_FILE = PlinderTests/Info.plist;
				IPHONEOS_DEPLOYMENT_TARGET = 13.2;
				LD_RUNPATH_SEARCH_PATHS = (
					"$(inherited)",
					"@executable_path/Frameworks",
					"@loader_path/Frameworks",
				);
				PRODUCT_BUNDLE_IDENTIFIER = com.PatricioPerez.PlinderTests;
				PRODUCT_NAME = "$(TARGET_NAME)";
				SWIFT_VERSION = 5.0;
				TARGETED_DEVICE_FAMILY = "1,2";
				TEST_HOST = "$(BUILT_PRODUCTS_DIR)/Plinder.app/Plinder";
			};
			name = Release;
		};
/* End XCBuildConfiguration section */

/* Begin XCConfigurationList section */
		F724510224C73A1400D16BE4 /* Build configuration list for PBXProject "Plinder" */ = {
			isa = XCConfigurationList;
			buildConfigurations = (
				F724512424C73A1C00D16BE4 /* Debug */,
				F724512524C73A1C00D16BE4 /* Release */,
			);
			defaultConfigurationIsVisible = 0;
			defaultConfigurationName = Release;
		};
		F724512624C73A1C00D16BE4 /* Build configuration list for PBXNativeTarget "Plinder" */ = {
			isa = XCConfigurationList;
			buildConfigurations = (
				F724512724C73A1C00D16BE4 /* Debug */,
				F724512824C73A1C00D16BE4 /* Release */,
			);
			defaultConfigurationIsVisible = 0;
			defaultConfigurationName = Release;
		};
		F724512924C73A1C00D16BE4 /* Build configuration list for PBXNativeTarget "PlinderTests" */ = {
			isa = XCConfigurationList;
			buildConfigurations = (
				F724512A24C73A1C00D16BE4 /* Debug */,
				F724512B24C73A1C00D16BE4 /* Release */,
			);
			defaultConfigurationIsVisible = 0;
			defaultConfigurationName = Release;
		};
/* End XCConfigurationList section */
	};
	rootObject = F72450FF24C73A1400D16BE4 /* Project object */;
}
